// !$*UTF8*$!
{
	archiveVersion = 1;
	classes = {
	};
	objectVersion = 50;
	objects = {

/* Begin PBXBuildFile section */
		40FC070E223C245C00B04C8D /* AppDelegate.m in Sources */ = {isa = PBXBuildFile; fileRef = 40FC070D223C245C00B04C8D /* AppDelegate.m */; };
		40FC0711223C245C00B04C8D /* ViewController.m in Sources */ = {isa = PBXBuildFile; fileRef = 40FC0710223C245C00B04C8D /* ViewController.m */; };
		40FC0714223C245C00B04C8D /* Main.storyboard in Resources */ = {isa = PBXBuildFile; fileRef = 40FC0712223C245C00B04C8D /* Main.storyboard */; };
		40FC0716223C245D00B04C8D /* Assets.xcassets in Resources */ = {isa = PBXBuildFile; fileRef = 40FC0715223C245D00B04C8D /* Assets.xcassets */; };
		40FC0719223C245D00B04C8D /* LaunchScreen.storyboard in Resources */ = {isa = PBXBuildFile; fileRef = 40FC0717223C245D00B04C8D /* LaunchScreen.storyboard */; };
		40FC071C223C245D00B04C8D /* main.m in Sources */ = {isa = PBXBuildFile; fileRef = 40FC071B223C245D00B04C8D /* main.m */; };
/* End PBXBuildFile section */

/* Begin PBXFileReference section */
		40FC0709223C245C00B04C8D /* TestiOSApp.app */ = {isa = PBXFileReference; explicitFileType = wrapper.application; includeInIndex = 0; path = TestiOSApp.app; sourceTree = BUILT_PRODUCTS_DIR; };
		40FC070C223C245C00B04C8D /* AppDelegate.h */ = {isa = PBXFileReference; lastKnownFileType = sourcecode.c.h; path = AppDelegate.h; sourceTree = "<group>"; };
		40FC070D223C245C00B04C8D /* AppDelegate.m */ = {isa = PBXFileReference; lastKnownFileType = sourcecode.c.objc; path = AppDelegate.m; sourceTree = "<group>"; };
		40FC070F223C245C00B04C8D /* ViewController.h */ = {isa = PBXFileReference; lastKnownFileType = sourcecode.c.h; path = ViewController.h; sourceTree = "<group>"; };
		40FC0710223C245C00B04C8D /* ViewController.m */ = {isa = PBXFileReference; lastKnownFileType = sourcecode.c.objc; path = ViewController.m; sourceTree = "<group>"; };
		40FC0713223C245C00B04C8D /* Base */ = {isa = PBXFileReference; lastKnownFileType = file.storyboard; name = Base; path = Base.lproj/Main.storyboard; sourceTree = "<group>"; };
		40FC0715223C245D00B04C8D /* Assets.xcassets */ = {isa = PBXFileReference; lastKnownFileType = folder.assetcatalog; path = Assets.xcassets; sourceTree = "<group>"; };
		40FC0718223C245D00B04C8D /* Base */ = {isa = PBXFileReference; lastKnownFileType = file.storyboard; name = Base; path = Base.lproj/LaunchScreen.storyboard; sourceTree = "<group>"; };
		40FC071A223C245D00B04C8D /* Info.plist */ = {isa = PBXFileReference; lastKnownFileType = text.plist.xml; path = Info.plist; sourceTree = "<group>"; };
		40FC071B223C245D00B04C8D /* main.m */ = {isa = PBXFileReference; lastKnownFileType = sourcecode.c.objc; path = main.m; sourceTree = "<group>"; };
/* End PBXFileReference section */

/* Begin PBXFrameworksBuildPhase section */
		40FC0706223C245C00B04C8D /* Frameworks */ = {
			isa = PBXFrameworksBuildPhase;
			buildActionMask = 2147483647;
			files = (
			);
			runOnlyForDeploymentPostprocessing = 0;
		};
/* End PBXFrameworksBuildPhase section */

/* Begin PBXGroup section */
		40FC0700223C245B00B04C8D = {
			isa = PBXGroup;
			children = (
				40FC070B223C245C00B04C8D /* TestiOSApp */,
				40FC070A223C245C00B04C8D /* Products */,
			);
			sourceTree = "<group>";
		};
		40FC070A223C245C00B04C8D /* Products */ = {
			isa = PBXGroup;
			children = (
				40FC0709223C245C00B04C8D /* TestiOSApp.app */,
			);
			name = Products;
			sourceTree = "<group>";
		};
		40FC070B223C245C00B04C8D /* TestiOSApp */ = {
			isa = PBXGroup;
			children = (
				40FC070C223C245C00B04C8D /* AppDelegate.h */,
				40FC070D223C245C00B04C8D /* AppDelegate.m */,
				40FC070F223C245C00B04C8D /* ViewController.h */,
				40FC0710223C245C00B04C8D /* ViewController.m */,
				40FC0712223C245C00B04C8D /* Main.storyboard */,
				40FC0715223C245D00B04C8D /* Assets.xcassets */,
				40FC0717223C245D00B04C8D /* LaunchScreen.storyboard */,
				40FC071A223C245D00B04C8D /* Info.plist */,
				40FC071B223C245D00B04C8D /* main.m */,
			);
			path = TestiOSApp;
			sourceTree = "<group>";
		};
/* End PBXGroup section */

/* Begin PBXNativeTarget section */
		40FC0708223C245C00B04C8D /* TestiOSApp */ = {
			isa = PBXNativeTarget;
			buildConfigurationList = 40FC071F223C245D00B04C8D /* Build configuration list for PBXNativeTarget "TestiOSApp" */;
			buildPhases = (
				40FC0705223C245C00B04C8D /* Sources */,
				40FC0706223C245C00B04C8D /* Frameworks */,
				40FC0707223C245C00B04C8D /* Resources */,
			);
			buildRules = (
			);
			dependencies = (
			);
			name = TestiOSApp;
			productName = TestiOSApp;
			productReference = 40FC0709223C245C00B04C8D /* TestiOSApp.app */;
			productType = "com.apple.product-type.application";
		};
/* End PBXNativeTarget section */

/* Begin PBXProject section */
		40FC0701223C245B00B04C8D /* Project object */ = {
			isa = PBXProject;
			attributes = {
				LastUpgradeCheck = 1010;
				ORGANIZATIONNAME = "Matthias Wenz";
				TargetAttributes = {
					40FC0708223C245C00B04C8D = {
						CreatedOnToolsVersion = 10.1;
					};
				};
			};
			buildConfigurationList = 40FC0704223C245B00B04C8D /* Build configuration list for PBXProject "TestiOSApp" */;
			compatibilityVersion = "Xcode 9.3";
			developmentRegion = en;
			hasScannedForEncodings = 0;
			knownRegions = (
				en,
				Base,
			);
			mainGroup = 40FC0700223C245B00B04C8D;
			productRefGroup = 40FC070A223C245C00B04C8D /* Products */;
			projectDirPath = "";
			projectRoot = "";
			targets = (
				40FC0708223C245C00B04C8D /* TestiOSApp */,
			);
		};
/* End PBXProject section */

/* Begin PBXResourcesBuildPhase section */
		40FC0707223C245C00B04C8D /* Resources */ = {
			isa = PBXResourcesBuildPhase;
			buildActionMask = 2147483647;
			files = (
				40FC0719223C245D00B04C8D /* LaunchScreen.storyboard in Resources */,
				40FC0716223C245D00B04C8D /* Assets.xcassets in Resources */,
				40FC0714223C245C00B04C8D /* Main.storyboard in Resources */,
			);
			runOnlyForDeploymentPostprocessing = 0;
		};
/* End PBXResourcesBuildPhase section */

/* Begin PBXSourcesBuildPhase section */
		40FC0705223C245C00B04C8D /* Sources */ = {
			isa = PBXSourcesBuildPhase;
			buildActionMask = 2147483647;
			files = (
				40FC0711223C245C00B04C8D /* ViewController.m in Sources */,
				40FC071C223C245D00B04C8D /* main.m in Sources */,
				40FC070E223C245C00B04C8D /* AppDelegate.m in Sources */,
			);
			runOnlyForDeploymentPostprocessing = 0;
		};
/* End PBXSourcesBuildPhase section */

/* Begin PBXVariantGroup section */
		40FC0712223C245C00B04C8D /* Main.storyboard */ = {
			isa = PBXVariantGroup;
			children = (
				40FC0713223C245C00B04C8D /* Base */,
			);
			name = Main.storyboard;
			sourceTree = "<group>";
		};
		40FC0717223C245D00B04C8D /* LaunchScreen.storyboard */ = {
			isa = PBXVariantGroup;
			children = (
				40FC0718223C245D00B04C8D /* Base */,
			);
			name = LaunchScreen.storyboard;
			sourceTree = "<group>";
		};
/* End PBXVariantGroup section */

/* Begin XCBuildConfiguration section */
		40FC071D223C245D00B04C8D /* Debug */ = {
			isa = XCBuildConfiguration;
			buildSettings = {
				ALWAYS_SEARCH_USER_PATHS = NO;
				CLANG_ANALYZER_NONNULL = YES;
				CLANG_ANALYZER_NUMBER_OBJECT_CONVERSION = YES_AGGRESSIVE;
				CLANG_CXX_LANGUAGE_STANDARD = "gnu++14";
				CLANG_CXX_LIBRARY = "libc++";
				CLANG_ENABLE_MODULES = YES;
				CLANG_ENABLE_OBJC_ARC = YES;
				CLANG_ENABLE_OBJC_WEAK = YES;
				CLANG_WARN_BLOCK_CAPTURE_AUTORELEASING = YES;
				CLANG_WARN_BOOL_CONVERSION = YES;
				CLANG_WARN_COMMA = YES;
				CLANG_WARN_CONSTANT_CONVERSION = YES;
				CLANG_WARN_DEPRECATED_OBJC_IMPLEMENTATIONS = YES;
				CLANG_WARN_DIRECT_OBJC_ISA_USAGE = YES_ERROR;
				CLANG_WARN_DOCUMENTATION_COMMENTS = YES;
				CLANG_WARN_EMPTY_BODY = YES;
				CLANG_WARN_ENUM_CONVERSION = YES;
				CLANG_WARN_INFINITE_RECURSION = YES;
				CLANG_WARN_INT_CONVERSION = YES;
				CLANG_WARN_NON_LITERAL_NULL_CONVERSION = YES;
				CLANG_WARN_OBJC_IMPLICIT_RETAIN_SELF = YES;
				CLANG_WARN_OBJC_LITERAL_CONVERSION = YES;
				CLANG_WARN_OBJC_ROOT_CLASS = YES_ERROR;
				CLANG_WARN_RANGE_LOOP_ANALYSIS = YES;
				CLANG_WARN_STRICT_PROTOTYPES = YES;
				CLANG_WARN_SUSPICIOUS_MOVE = YES;
				CLANG_WARN_UNGUARDED_AVAILABILITY = YES_AGGRESSIVE;
				CLANG_WARN_UNREACHABLE_CODE = YES;
				CLANG_WARN__DUPLICATE_METHOD_MATCH = YES;
				CODE_SIGN_IDENTITY = "iPhone Developer";
				COPY_PHASE_STRIP = NO;
				DEBUG_INFORMATION_FORMAT = dwarf;
				ENABLE_STRICT_OBJC_MSGSEND = YES;
				ENABLE_TESTABILITY = YES;
				GCC_C_LANGUAGE_STANDARD = gnu11;
				GCC_DYNAMIC_NO_PIC = NO;
				GCC_NO_COMMON_BLOCKS = YES;
				GCC_OPTIMIZATION_LEVEL = 0;
				GCC_PREPROCESSOR_DEFINITIONS = (
					"DEBUG=1",
					"$(inherited)",
				);
				GCC_WARN_64_TO_32_BIT_CONVERSION = YES;
				GCC_WARN_ABOUT_RETURN_TYPE = YES_ERROR;
				GCC_WARN_UNDECLARED_SELECTOR = YES;
				GCC_WARN_UNINITIALIZED_AUTOS = YES_AGGRESSIVE;
				GCC_WARN_UNUSED_FUNCTION = YES;
				GCC_WARN_UNUSED_VARIABLE = YES;
				IPHONEOS_DEPLOYMENT_TARGET = 12.1;
				MTL_ENABLE_DEBUG_INFO = INCLUDE_SOURCE;
				MTL_FAST_MATH = YES;
				ONLY_ACTIVE_ARCH = YES;
				SDKROOT = iphoneos;
			};
			name = Debug;
		};
		40FC071E223C245D00B04C8D /* Release */ = {
			isa = XCBuildConfiguration;
			buildSettings = {
				ALWAYS_SEARCH_USER_PATHS = NO;
				CLANG_ANALYZER_NONNULL = YES;
				CLANG_ANALYZER_NUMBER_OBJECT_CONVERSION = YES_AGGRESSIVE;
				CLANG_CXX_LANGUAGE_STANDARD = "gnu++14";
				CLANG_CXX_LIBRARY = "libc++";
				CLANG_ENABLE_MODULES = YES;
				CLANG_ENABLE_OBJC_ARC = YES;
				CLANG_ENABLE_OBJC_WEAK = YES;
				CLANG_WARN_BLOCK_CAPTURE_AUTORELEASING = YES;
				CLANG_WARN_BOOL_CONVERSION = YES;
				CLANG_WARN_COMMA = YES;
				CLANG_WARN_CONSTANT_CONVERSION = YES;
				CLANG_WARN_DEPRECATED_OBJC_IMPLEMENTATIONS = YES;
				CLANG_WARN_DIRECT_OBJC_ISA_USAGE = YES_ERROR;
				CLANG_WARN_DOCUMENTATION_COMMENTS = YES;
				CLANG_WARN_EMPTY_BODY = YES;
				CLANG_WARN_ENUM_CONVERSION = YES;
				CLANG_WARN_INFINITE_RECURSION = YES;
				CLANG_WARN_INT_CONVERSION = YES;
				CLANG_WARN_NON_LITERAL_NULL_CONVERSION = YES;
				CLANG_WARN_OBJC_IMPLICIT_RETAIN_SELF = YES;
				CLANG_WARN_OBJC_LITERAL_CONVERSION = YES;
				CLANG_WARN_OBJC_ROOT_CLASS = YES_ERROR;
				CLANG_WARN_RANGE_LOOP_ANALYSIS = YES;
				CLANG_WARN_STRICT_PROTOTYPES = YES;
				CLANG_WARN_SUSPICIOUS_MOVE = YES;
				CLANG_WARN_UNGUARDED_AVAILABILITY = YES_AGGRESSIVE;
				CLANG_WARN_UNREACHABLE_CODE = YES;
				CLANG_WARN__DUPLICATE_METHOD_MATCH = YES;
				CODE_SIGN_IDENTITY = "iPhone Developer";
				COPY_PHASE_STRIP = NO;
				DEBUG_INFORMATION_FORMAT = "dwarf-with-dsym";
				ENABLE_NS_ASSERTIONS = NO;
				ENABLE_STRICT_OBJC_MSGSEND = YES;
				GCC_C_LANGUAGE_STANDARD = gnu11;
				GCC_NO_COMMON_BLOCKS = YES;
				GCC_WARN_64_TO_32_BIT_CONVERSION = YES;
				GCC_WARN_ABOUT_RETURN_TYPE = YES_ERROR;
				GCC_WARN_UNDECLARED_SELECTOR = YES;
				GCC_WARN_UNINITIALIZED_AUTOS = YES_AGGRESSIVE;
				GCC_WARN_UNUSED_FUNCTION = YES;
				GCC_WARN_UNUSED_VARIABLE = YES;
				IPHONEOS_DEPLOYMENT_TARGET = 12.1;
				MTL_ENABLE_DEBUG_INFO = NO;
				MTL_FAST_MATH = YES;
				SDKROOT = iphoneos;
				VALIDATE_PRODUCT = YES;
			};
			name = Release;
		};
		40FC0720223C245D00B04C8D /* Debug */ = {
			isa = XCBuildConfiguration;
			buildSettings = {
				ASSETCATALOG_COMPILER_APPICON_NAME = AppIcon;
				CODE_SIGN_STYLE = Manual;
				DEVELOPMENT_TEAM = 5Z97G9NZQ6;
				INFOPLIST_FILE = TestiOSApp/Info.plist;
				LD_RUNPATH_SEARCH_PATHS = (
					"$(inherited)",
					"@executable_path/Frameworks",
				);
				PRODUCT_BUNDLE_IDENTIFIER = com.microsoft.appcenter.mat.TestiOSApp;
				PRODUCT_NAME = "$(TARGET_NAME)";
				PROVISIONING_PROFILE_SPECIFIER = "All * (Development)";
				TARGETED_DEVICE_FAMILY = "1,2";
			};
			name = Debug;
		};
		40FC0721223C245D00B04C8D /* Release */ = {
			isa = XCBuildConfiguration;
			buildSettings = {
				ASSETCATALOG_COMPILER_APPICON_NAME = AppIcon;
				CODE_SIGN_IDENTITY = "iPhone Distribution";
				CODE_SIGN_STYLE = Manual;
				DEVELOPMENT_TEAM = 5Z97G9NZQ6;
				INFOPLIST_FILE = TestiOSApp/Info.plist;
				LD_RUNPATH_SEARCH_PATHS = (
					"$(inherited)",
					"@executable_path/Frameworks",
				);
				PRODUCT_BUNDLE_IDENTIFIER = com.microsoft.appcenter.mat.TestiOSApp;
				PRODUCT_NAME = "$(TARGET_NAME)";
				PROVISIONING_PROFILE_SPECIFIER = "Mat iOS In House";
				TARGETED_DEVICE_FAMILY = "1,2";
			};
			name = Release;
		};
/* End XCBuildConfiguration section */

/* Begin XCConfigurationList section */
		40FC0704223C245B00B04C8D /* Build configuration list for PBXProject "TestiOSApp" */ = {
			isa = XCConfigurationList;
			buildConfigurations = (
				40FC071D223C245D00B04C8D /* Debug */,
				40FC071E223C245D00B04C8D /* Release */,
			);
			defaultConfigurationIsVisible = 0;
			defaultConfigurationName = Release;
		};
		40FC071F223C245D00B04C8D /* Build configuration list for PBXNativeTarget "TestiOSApp" */ = {
			isa = XCConfigurationList;
			buildConfigurations = (
				40FC0720223C245D00B04C8D /* Debug */,
				40FC0721223C245D00B04C8D /* Release */,
			);
			defaultConfigurationIsVisible = 0;
			defaultConfigurationName = Release;
		};
/* End XCConfigurationList section */
	};
	rootObject = 40FC0701223C245B00B04C8D /* Project object */;
}
